{
  "version": 4,
  "terraform_version": "1.6.3",
  "serial": 78,
  "lineage": "b4e0aa64-cd5b-b862-3073-7266a33894cf",
  "outputs": {},
  "resources": [
    {
      "mode": "data",
      "type": "aws_caller_identity",
      "name": "current",
      "provider": "provider[\"registry.terraform.io/hashicorp/aws\"]",
      "instances": [
        {
          "schema_version": 0,
          "attributes": {
            "account_id": "104730407992",
            "arn": "arn:aws:iam::104730407992:user/ROX",
            "id": "104730407992",
            "user_id": "AIDARQYTLGQ4BSELJMAYF"
          },
          "sensitive_attributes": []
        }
      ]
    },
    {
      "mode": "data",
      "type": "aws_ecr_authorization_token",
      "name": "token",
      "provider": "provider[\"registry.terraform.io/hashicorp/aws\"]",
      "instances": [
        {
          "schema_version": 0,
          "attributes": {
            "authorization_token": "QVdTOmV5SndZWGxzYjJGa0lqb2lkVXh5VUdVNVVtUnJVM2xrU0M5Q2QyNUtha1ExZEVadVkyMDJiVmcyTmtsQmJsTktTRlEyUVhoeFZtaGFWbk4yVmxBek1reGpWR1pHVkVwTk5XbzVla1Z0S3pGSlJVa3ZlR0kzTWxSeGFDdG5VMDF2VlZRM1pXTlZjVFZyVm5WSFlUSnZaekZGU1hGTloxaDNVVXNyVFhjemJXOUlTamMzY3l0WVlWUTRPVFY0VjFwM01XSXZRelZoZHpSbWFUQnpkbThyU2pGWVFXeFVSbUpvUzJSaWQyZDRRV0ZNVjNOcVFVVjRLMEZOTVM4MGNuSnhUM1FyUkRReVIzcDBVMHBWVDJaelVXSjFUVU5JUzFCeWRXZHpaMUJHVFhJNGMyVjZNbEJxTjNCRVdrUkhUVTFFZVUxalluZDRTMUJqWVRSRFYzRXlkMkpUWWtremIyaFFObkpOWkVWRGJsUTRNVlJSZHprdmFIb3hZVTV1VWtWa1VtVkZTRTVWWm1wcU1rMVlOMGN5VDNVdlIzVTRNemw1UTA1bVJFUnZUbFpuTTI1b1N6QXZaMDlFZVhRM01VMDBOSEJwVkRreGVrZ3pWMnRGVkcxMmRqbERUazFqU2psc1VuY3JaRTFOU2t3eFpXVnpTRzRyWXpOMGJuQjBPVkZRUWtKRE5WUXZaRFpzZFROMlVqbFVXRmhwVkhGTVEyOU5hVFIyVFRVMGFIcFhjMUJPZEVORmMwWjVVMHB3VldGRmRsTkZUM05LT1ZrNE1qWlFiVzVWYTJaWU4wdE9OeTlUVDI1V2JsZFRaRzAwVlZWd2QwSkxURVp2Y2t4bU0yVk5NM1ZMZEZSdE5IbDVZbU5DWmt0eFlWZGhNM1I2TWpaRFlsSlJTMFo2ZFc5clFVaFdRVVJKWTI4eksyMTRSVU51VjJWcFRuTmxWM1JCWWxWRWJIQXllWEYzWm01c2VGUjNWVlJSY21GR1QwRnFNVGw2TmtSM09Hc3dWRGd2TjBabmFHdE1jbk5wWlhGa01XUllZMmxWY0ROWFkxazViWFJTYm5WdWJuQnVUMEkzUXpjMEswOUpWVmRQWjBaR1FXdFRNMEo1UTBreWNXWXlNekJpUlhoblUyTmlNVEEwVVRRdlFXWXZTM2hXT0VoNk1WcE5XV1ZOYW5FNFRqZGxRa1pYYzJvM2EycGlZME53YmxVeWMzSkVXQzk0VW5OYVVGTlFjbmg2YUdOVlJYaFlSMmhYTjFGclVHTnFWbmxuT0RJcmRXeFJZMk5IYW1SYVdEWTBOa0puT1hCTWVubzJjamwwWVdSTlUwdEVhbWRHY21Vd1RFeFlXVGRUTjFoclExSXdNV1ZRYXpJdldsVjBiRWRHTnpaekswNURUblowWVRBcllqbHlaRUoyU0dwU2NGbHVNblZaWTJSc2IwbHRZbmhEUVZSVE9FbzBiM1pVUXlzeE5VOUdkVVpMWWxaV1pXZ3hjV0YwUVdKTlNtWkJSV3BLU1ZkWlEwcEtNMmh3VW0xcGVHNU5RVmhLUzFoTVZHdEdaakJpUVVGSlVVOVphMjFXVWtkd01GWmFNbHBXVERjMmRqSnBkVE5zTUdKWU9VRkphR3N2WW5CU1lrdEpVMk5PWTFkbVREbFFUMDVYTUZKbGFXRkdNM2R4WkVndk0yaHhUM1l6U2pkWU5tOUdSM0JyWWl0cVNrUXJSMGRaVEZrd1oyRnVTSFI2YW5Cc2J6WldWR0ppTHpoTlJXaE1NMmd4VFVwMFptZElPSEZsU1ZadVNVWndVR0ozUlhWVVpUUmhkekpyTURkMGRYaHNWSFo2Y1ZOblJVcHVSWGhYWVZsUGRFeFhWbkpqUVV0TGR6MDlJaXdpWkdGMFlXdGxlU0k2SWtGUlJVSkJTR2dyWkZNclFteE9kVEJPZUc1WWQyOTNZa2xNY3pFeE5YbHFaQ3RNVGtGYWFFSk1Xbk4xYms5NGF6TkJRVUZCU0RSM1prRlpTa3R2V2tsb2RtTk9RVkZqUjI5SE9IZGlVVWxDUVVSQ2IwSm5hM0ZvYTJsSE9YY3dRa0ozUlhkSVoxbEtXVWxhU1VGWFZVUkNRVVYxVFVKRlJVUkhjRE5DYjNOTFluaGhiMHBHYzBsNVFVbENSVWxCTjBWR1R6WkdjRWMxT1VWemNXdG1UVk5ZY0RaeFVHZHlRalFyYUdaM1ZGWnhWSFpvVEU4MldrUTBRMjFCUzA5Q1FuRnFZV0ZGU0UxMlNreEpVa0Z2WTFCNWFFeHlZaTloU1dOTWRHbExOa1U5SWl3aWRtVnljMmx2YmlJNklqSWlMQ0owZVhCbElqb2lSRUZVUVY5TFJWa2lMQ0psZUhCcGNtRjBhVzl1SWpveE56QTJOelF3TVRNMGZRPT0=",
            "expires_at": "2024-01-31T22:28:54Z",
            "id": "eu-west-1",
            "password": "eyJwYXlsb2FkIjoidUxyUGU5UmRrU3lkSC9Cd25KakQ1dEZuY202bVg2NklBblNKSFQ2QXhxVmhaVnN2VlAzMkxjVGZGVEpNNWo5ekVtKzFJRUkveGI3MlRxaCtnU01vVVQ3ZWNVcTVrVnVHYTJvZzFFSXFNZ1h3UUsrTXczbW9ISjc3cytYYVQ4OTV4V1p3MWIvQzVhdzRmaTBzdm8rSjFYQWxURmJoS2Rid2d4QWFMV3NqQUV4K0FNMS80cnJxT3QrRDQyR3p0U0pVT2ZzUWJ1TUNIS1BydWdzZ1BGTXI4c2V6MlBqN3BEWkRHTU1EeU1jYnd4S1BjYTRDV3Eyd2JTYkkzb2hQNnJNZEVDblQ4MVRRdzkvaHoxYU5uUkVkUmVFSE5VZmpqMk1YN0cyT3UvR3U4Mzl5Q05mRERvTlZnM25oSzAvZ09EeXQ3MU00NHBpVDkxekgzV2tFVG12djlDTk1jSjlsUncrZE1NSkwxZWVzSG4rYzN0bnB0OVFQQkJDNVQvZDZsdTN2UjlUWFhpVHFMQ29NaTR2TTU0aHpXc1BOdENFc0Z5U0pwVWFFdlNFT3NKOVk4MjZQbW5Va2ZYN0tONy9TT25WbldTZG00VVVwd0JLTEZvckxmM2VNM3VLdFRtNHl5YmNCZktxYVdhM3R6MjZDYlJRS0Z6dW9rQUhWQURJY28zK214RUNuV2VpTnNlV3RBYlVEbHAyeXF3Zm5seFR3VVRRcmFGT0FqMTl6NkR3OGswVDgvN0ZnaGtMcnNpZXFkMWRYY2lVcDNXY1k5bXRSbnVubnBuT0I3Qzc0K09JVVdPZ0ZGQWtTM0J5Q0kycWYyMzBiRXhnU2NiMTA0UTQvQWYvS3hWOEh6MVpNWWVNanE4TjdlQkZXc2o3a2piY0NwblUyc3JEWC94UnNaUFNQcnh6aGNVRXhYR2hXN1FrUGNqVnlnODIrdWxRY2NHamRaWDY0NkJnOXBMeno2cjl0YWRNU0tEamdGcmUwTExYWTdTN1hrQ1IwMWVQazIvWlV0bEdGNzZzK05DTnZ0YTArYjlyZEJ2SGpScFluMnVZY2Rsb0ltYnhDQVRTOEo0b3ZUQysxNU9GdUZLYlZWZWgxcWF0QWJNSmZBRWpKSVdZQ0pKM2hwUm1peG5NQVhKS1hMVGtGZjBiQUFJUU9Za21WUkdwMFZaMlpWTDc2djJpdTNsMGJYOUFJaGsvYnBSYktJU2NOY1dmTDlQT05XMFJlaWFGM3dxZEgvM2hxT3YzSjdYNm9GR3BrYitqSkQrR0dZTFkwZ2FuSHR6anBsbzZWVGJiLzhNRWhMM2gxTUp0ZmdIOHFlSVZuSUZwUGJ3RXVUZTRhdzJrMDd0dXhsVHZ6cVNnRUpuRXhXYVlPdExXVnJjQUtLdz09IiwiZGF0YWtleSI6IkFRRUJBSGgrZFMrQmxOdTBOeG5Yd293YklMczExNXlqZCtMTkFaaEJMWnN1bk94azNBQUFBSDR3ZkFZSktvWklodmNOQVFjR29HOHdiUUlCQURCb0Jna3Foa2lHOXcwQkJ3RXdIZ1lKWUlaSUFXVURCQUV1TUJFRURHcDNCb3NLYnhhb0pGc0l5QUlCRUlBN0VGTzZGcEc1OUVzcWtmTVNYcDZxUGdyQjQraGZ3VFZxVHZoTE82WkQ0Q21BS09CQnFqYWFFSE12SkxJUkFvY1B5aExyYi9hSWNMdGlLNkU9IiwidmVyc2lvbiI6IjIiLCJ0eXBlIjoiREFUQV9LRVkiLCJleHBpcmF0aW9uIjoxNzA2NzQwMTM0fQ==",
            "proxy_endpoint": "https://104730407992.dkr.ecr.eu-west-1.amazonaws.com",
            "registry_id": null,
            "user_name": "AWS"
          },
          "sensitive_attributes": []
        }
      ]
    },
    {
      "mode": "data",
      "type": "aws_iam_policy_document",
      "name": "assume_role",
      "provider": "provider[\"registry.terraform.io/hashicorp/aws\"]",
      "instances": [
        {
          "schema_version": 0,
          "attributes": {
            "id": "1604711841",
            "json": "{\n  \"Version\": \"2012-10-17\",\n  \"Statement\": [\n    {\n      \"Effect\": \"Allow\",\n      \"Action\": \"sts:AssumeRole\",\n      \"Principal\": {\n        \"Service\": \"lambda.amazonaws.com\"\n      }\n    }\n  ]\n}",
            "override_policy_documents": null,
            "policy_id": null,
            "source_policy_documents": null,
            "statement": [
              {
                "actions": [
                  "sts:AssumeRole"
                ],
                "condition": [],
                "effect": "Allow",
                "not_actions": [],
                "not_principals": [],
                "not_resources": [],
                "principals": [
                  {
                    "identifiers": [
                      "lambda.amazonaws.com"
                    ],
                    "type": "Service"
                  }
                ],
                "resources": [],
                "sid": ""
              }
            ],
            "version": "2012-10-17"
          },
          "sensitive_attributes": []
        }
      ]
    },
    {
      "mode": "data",
      "type": "aws_iam_policy_document",
      "name": "cloudwatch_policy",
      "provider": "provider[\"registry.terraform.io/hashicorp/aws\"]",
      "instances": [
        {
          "schema_version": 0,
          "attributes": {
            "id": "16712114",
            "json": "{\n  \"Version\": \"2012-10-17\",\n  \"Statement\": [\n    {\n      \"Effect\": \"Allow\",\n      \"Action\": [\n        \"logs:PutLogEvents\",\n        \"logs:CreateLogStream\",\n        \"logs:CreateLogGroup\"\n      ],\n      \"Resource\": \"arn:aws:logs:*:*:*\"\n    }\n  ]\n}",
            "override_policy_documents": null,
            "policy_id": null,
            "source_policy_documents": null,
            "statement": [
              {
                "actions": [
                  "logs:CreateLogGroup",
                  "logs:CreateLogStream",
                  "logs:PutLogEvents"
                ],
                "condition": [],
                "effect": "Allow",
                "not_actions": [],
                "not_principals": [],
                "not_resources": [],
                "principals": [],
                "resources": [
                  "arn:aws:logs:*:*:*"
                ],
                "sid": ""
              }
            ],
            "version": "2012-10-17"
          },
          "sensitive_attributes": []
        }
      ]
    },
    {
      "mode": "managed",
      "type": "aws_api_gateway_deployment",
      "name": "example_deployment",
      "provider": "provider[\"registry.terraform.io/hashicorp/aws\"]",
      "instances": [
        {
          "schema_version": 0,
          "attributes": {
            "created_date": "2024-01-31T10:31:30Z",
            "description": "",
            "execution_arn": "arn:aws:execute-api:eu-west-1:104730407992:0vqp5g7u55/prod",
            "id": "3aeozl",
            "invoke_url": "https://0vqp5g7u55.execute-api.eu-west-1.amazonaws.com/prod",
            "rest_api_id": "0vqp5g7u55",
            "stage_description": null,
            "stage_name": "prod",
            "triggers": null,
            "variables": null
          },
          "sensitive_attributes": [],
          "private": "bnVsbA==",
          "dependencies": [
            "aws_api_gateway_integration.integration",
            "aws_api_gateway_method.catch_all_method",
            "aws_api_gateway_resource.catch_all_resource",
            "aws_api_gateway_rest_api.api_gateway",
            "aws_ecr_repository.shedular",
            "aws_iam_role.iam_for_lambda",
            "aws_lambda_function.test_lambda",
            "data.aws_caller_identity.current",
            "data.aws_ecr_authorization_token.token",
            "data.aws_iam_policy_document.assume_role",
            "docker_image.lambda_image",
            "docker_registry_image.helloworld"
          ]
        }
      ]
    },
    {
      "mode": "managed",
      "type": "aws_api_gateway_integration",
      "name": "integration",
      "provider": "provider[\"registry.terraform.io/hashicorp/aws\"]",
      "instances": [
        {
          "schema_version": 0,
          "attributes": {
            "cache_key_parameters": null,
            "cache_namespace": "bczprv",
            "connection_id": "",
            "connection_type": "INTERNET",
            "content_handling": "",
            "credentials": "",
            "http_method": "ANY",
            "id": "agi-0vqp5g7u55-bczprv-ANY",
            "integration_http_method": "POST",
            "passthrough_behavior": "WHEN_NO_MATCH",
            "request_parameters": null,
            "request_templates": null,
            "resource_id": "bczprv",
            "rest_api_id": "0vqp5g7u55",
            "timeout_milliseconds": 29000,
            "tls_config": [],
            "type": "AWS_PROXY",
            "uri": "arn:aws:apigateway:eu-west-1:lambda:path/2015-03-31/functions/arn:aws:lambda:eu-west-1:104730407992:function:fuction_example_app/invocations"
          },
          "sensitive_attributes": [],
          "private": "bnVsbA==",
          "dependencies": [
            "aws_api_gateway_method.catch_all_method",
            "aws_api_gateway_resource.catch_all_resource",
            "aws_api_gateway_rest_api.api_gateway",
            "aws_ecr_repository.shedular",
            "aws_iam_role.iam_for_lambda",
            "aws_lambda_function.test_lambda",
            "data.aws_caller_identity.current",
            "data.aws_ecr_authorization_token.token",
            "data.aws_iam_policy_document.assume_role",
            "docker_image.lambda_image",
            "docker_registry_image.helloworld"
          ]
        }
      ]
    },
    {
      "mode": "managed",
      "type": "aws_api_gateway_method",
      "name": "catch_all_method",
      "provider": "provider[\"registry.terraform.io/hashicorp/aws\"]",
      "instances": [
        {
          "schema_version": 0,
          "attributes": {
            "api_key_required": false,
            "authorization": "NONE",
            "authorization_scopes": null,
            "authorizer_id": null,
            "http_method": "ANY",
            "id": "agm-0vqp5g7u55-bczprv-ANY",
            "operation_name": null,
            "request_models": null,
            "request_parameters": null,
            "request_validator_id": null,
            "resource_id": "bczprv",
            "rest_api_id": "0vqp5g7u55"
          },
          "sensitive_attributes": [],
          "private": "bnVsbA==",
          "dependencies": [
            "aws_api_gateway_resource.catch_all_resource",
            "aws_api_gateway_rest_api.api_gateway"
          ]
        }
      ]
    },
    {
      "mode": "managed",
      "type": "aws_api_gateway_resource",
      "name": "catch_all_resource",
      "provider": "provider[\"registry.terraform.io/hashicorp/aws\"]",
      "instances": [
        {
          "schema_version": 0,
          "attributes": {
            "id": "bczprv",
            "parent_id": "rzdlc1dqdc",
            "path": "/{proxy+}",
            "path_part": "{proxy+}",
            "rest_api_id": "0vqp5g7u55"
          },
          "sensitive_attributes": [],
          "private": "bnVsbA==",
          "dependencies": [
            "aws_api_gateway_rest_api.api_gateway"
          ]
        }
      ]
    },
    {
      "mode": "managed",
      "type": "aws_api_gateway_rest_api",
      "name": "api_gateway",
      "provider": "provider[\"registry.terraform.io/hashicorp/aws\"]",
      "instances": [
        {
          "schema_version": 0,
          "attributes": {
            "api_key_source": "HEADER",
            "arn": "arn:aws:apigateway:eu-west-1::/restapis/0vqp5g7u55",
            "binary_media_types": [],
            "body": null,
            "created_date": "2024-01-31T10:29:03Z",
            "description": "",
            "disable_execute_api_endpoint": false,
            "endpoint_configuration": [
              {
                "types": [
                  "REGIONAL"
                ],
                "vpc_endpoint_ids": []
              }
            ],
            "execution_arn": "arn:aws:execute-api:eu-west-1:104730407992:0vqp5g7u55",
            "fail_on_warnings": null,
            "id": "0vqp5g7u55",
            "minimum_compression_size": "",
            "name": "api-gateway_example_app",
            "parameters": null,
            "policy": "",
            "put_rest_api_mode": null,
            "root_resource_id": "rzdlc1dqdc",
            "tags": null,
            "tags_all": {}
          },
          "sensitive_attributes": [],
          "private": "bnVsbA=="
        }
      ]
    },
    {
      "mode": "managed",
      "type": "aws_ecr_repository",
      "name": "shedular",
      "provider": "provider[\"registry.terraform.io/hashicorp/aws\"]",
      "instances": [
        {
          "schema_version": 0,
          "attributes": {
            "arn": "arn:aws:ecr:eu-west-1:104730407992:repository/repo_example_app",
            "encryption_configuration": [
              {
                "encryption_type": "AES256",
                "kms_key": ""
              }
            ],
            "force_delete": null,
            "id": "repo_example_app",
            "image_scanning_configuration": [
              {
                "scan_on_push": false
              }
            ],
            "image_tag_mutability": "MUTABLE",
            "name": "repo_example_app",
            "registry_id": "104730407992",
            "repository_url": "104730407992.dkr.ecr.eu-west-1.amazonaws.com/repo_example_app",
            "tags": null,
            "tags_all": {},
            "timeouts": null
          },
          "sensitive_attributes": [],
          "private": "eyJlMmJmYjczMC1lY2FhLTExZTYtOGY4OC0zNDM2M2JjN2M0YzAiOnsiZGVsZXRlIjoxMjAwMDAwMDAwMDAwfX0="
        }
      ]
    },
    {
      "mode": "managed",
      "type": "aws_iam_role",
      "name": "iam_for_lambda",
      "provider": "provider[\"registry.terraform.io/hashicorp/aws\"]",
      "instances": [
        {
          "schema_version": 0,
          "attributes": {
            "arn": "arn:aws:iam::104730407992:role/iam_for_lambda_example_app",
            "assume_role_policy": "{\"Statement\":[{\"Action\":\"sts:AssumeRole\",\"Effect\":\"Allow\",\"Principal\":{\"Service\":\"lambda.amazonaws.com\"}}],\"Version\":\"2012-10-17\"}",
            "create_date": "2024-01-31T10:29:03Z",
            "description": "",
            "force_detach_policies": false,
            "id": "iam_for_lambda_example_app",
            "inline_policy": [],
            "managed_policy_arns": [],
            "max_session_duration": 3600,
            "name": "iam_for_lambda_example_app",
            "name_prefix": "",
            "path": "/",
            "permissions_boundary": "",
            "tags": null,
            "tags_all": {},
            "unique_id": "AROARQYTLGQ4HNQGNYUVV"
          },
          "sensitive_attributes": [],
          "private": "bnVsbA==",
          "dependencies": [
            "data.aws_iam_policy_document.assume_role"
          ]
        }
      ]
    },
    {
      "mode": "managed",
      "type": "aws_iam_role_policy",
      "name": "cloudwatch_policy",
      "provider": "provider[\"registry.terraform.io/hashicorp/aws\"]",
      "instances": [
        {
          "schema_version": 0,
          "attributes": {
            "id": "iam_for_lambda_example_app:cloudwatch_lambda_policy",
            "name": "cloudwatch_lambda_policy",
            "name_prefix": "",
            "policy": "{\"Version\":\"2012-10-17\",\"Statement\":[{\"Action\":[\"logs:PutLogEvents\",\"logs:CreateLogStream\",\"logs:CreateLogGroup\"],\"Effect\":\"Allow\",\"Resource\":\"arn:aws:logs:*:*:*\"}]}",
            "role": "iam_for_lambda_example_app"
          },
          "sensitive_attributes": [],
          "private": "bnVsbA==",
          "dependencies": [
            "aws_iam_role.iam_for_lambda",
            "data.aws_iam_policy_document.assume_role",
            "data.aws_iam_policy_document.cloudwatch_policy"
          ]
        }
      ]
    },
    {
      "mode": "managed",
      "type": "aws_lambda_function",
      "name": "test_lambda",
      "provider": "provider[\"registry.terraform.io/hashicorp/aws\"]",
      "instances": [
        {
          "schema_version": 0,
          "attributes": {
            "architectures": [
              "x86_64"
            ],
            "arn": "arn:aws:lambda:eu-west-1:104730407992:function:fuction_example_app",
            "code_signing_config_arn": "",
            "dead_letter_config": [],
            "description": "",
            "environment": [],
            "ephemeral_storage": [
              {
                "size": 512
              }
            ],
            "file_system_config": [],
            "filename": null,
            "function_name": "fuction_example_app",
            "handler": "",
            "id": "fuction_example_app",
            "image_config": [],
            "image_uri": "104730407992.dkr.ecr.eu-west-1.amazonaws.com/repo_example_app:latest",
            "invoke_arn": "arn:aws:apigateway:eu-west-1:lambda:path/2015-03-31/functions/arn:aws:lambda:eu-west-1:104730407992:function:fuction_example_app/invocations",
            "kms_key_arn": "",
            "last_modified": "2024-01-31T10:31:06.771+0000",
            "layers": null,
            "logging_config": [
              {
                "application_log_level": "",
                "log_format": "Text",
                "log_group": "/aws/lambda/fuction_example_app",
                "system_log_level": ""
              }
            ],
            "memory_size": 128,
            "package_type": "Image",
            "publish": false,
            "qualified_arn": "arn:aws:lambda:eu-west-1:104730407992:function:fuction_example_app:$LATEST",
            "qualified_invoke_arn": "arn:aws:apigateway:eu-west-1:lambda:path/2015-03-31/functions/arn:aws:lambda:eu-west-1:104730407992:function:fuction_example_app:$LATEST/invocations",
            "replace_security_groups_on_destroy": null,
            "replacement_security_group_ids": null,
            "reserved_concurrent_executions": -1,
            "role": "arn:aws:iam::104730407992:role/iam_for_lambda_example_app",
            "runtime": "",
            "s3_bucket": null,
            "s3_key": null,
            "s3_object_version": null,
            "signing_job_arn": "",
            "signing_profile_version_arn": "",
            "skip_destroy": false,
            "snap_start": [],
            "source_code_hash": "6b9a2b871f32c19735c0e8617ac8f25551adc144562cc387b84bd4942d93c8ec",
            "source_code_size": 0,
            "tags": null,
            "tags_all": {},
            "timeout": 3,
            "timeouts": null,
            "tracing_config": [
              {
                "mode": "PassThrough"
              }
            ],
            "version": "$LATEST",
            "vpc_config": []
          },
          "sensitive_attributes": [],
          "private": "eyJlMmJmYjczMC1lY2FhLTExZTYtOGY4OC0zNDM2M2JjN2M0YzAiOnsiY3JlYXRlIjo2MDAwMDAwMDAwMDAsImRlbGV0ZSI6NjAwMDAwMDAwMDAwLCJ1cGRhdGUiOjYwMDAwMDAwMDAwMH19",
          "dependencies": [
            "aws_ecr_repository.shedular",
            "aws_iam_role.iam_for_lambda",
            "data.aws_caller_identity.current",
            "data.aws_ecr_authorization_token.token",
            "data.aws_iam_policy_document.assume_role",
            "docker_image.lambda_image",
            "docker_registry_image.helloworld"
          ]
        }
      ]
    },
    {
      "mode": "managed",
      "type": "aws_lambda_permission",
      "name": "apigw_lambda",
      "provider": "provider[\"registry.terraform.io/hashicorp/aws\"]",
      "instances": [
        {
          "schema_version": 0,
          "attributes": {
            "action": "lambda:InvokeFunction",
            "event_source_token": null,
            "function_name": "fuction_example_app",
            "function_url_auth_type": null,
            "id": "AllowExecutionFromAPIGateway",
            "principal": "apigateway.amazonaws.com",
            "principal_org_id": null,
            "qualifier": "",
            "source_account": null,
            "source_arn": "arn:aws:execute-api:eu-west-1:104730407992:0vqp5g7u55/*/*",
            "statement_id": "AllowExecutionFromAPIGateway",
            "statement_id_prefix": ""
          },
          "sensitive_attributes": [],
          "private": "bnVsbA==",
          "dependencies": [
            "aws_api_gateway_rest_api.api_gateway",
            "aws_ecr_repository.shedular",
            "aws_iam_role.iam_for_lambda",
            "aws_lambda_function.test_lambda",
            "data.aws_caller_identity.current",
            "data.aws_ecr_authorization_token.token",
            "data.aws_iam_policy_document.assume_role",
            "docker_image.lambda_image",
            "docker_registry_image.helloworld"
          ]
        }
      ]
    },
    {
      "mode": "managed",
      "type": "docker_image",
      "name": "lambda_image",
      "provider": "provider[\"registry.terraform.io/kreuzwerker/docker\"]",
      "instances": [
        {
          "schema_version": 0,
          "attributes": {
            "build": [
              {
                "auth_config": [],
                "build_arg": null,
                "build_args": null,
                "build_id": "",
                "cache_from": [],
                "cgroup_parent": "",
                "context": "../example",
                "cpu_period": null,
                "cpu_quota": null,
                "cpu_set_cpus": "",
                "cpu_set_mems": "",
                "cpu_shares": null,
                "dockerfile": "Dockerfile",
                "extra_hosts": [],
                "force_remove": null,
                "isolation": "",
                "label": null,
                "labels": null,
                "memory": null,
                "memory_swap": null,
                "network_mode": "",
                "no_cache": null,
                "platform": "",
                "pull_parent": null,
                "remote_context": "",
                "remove": true,
                "security_opt": [],
                "session_id": "",
                "shm_size": null,
                "squash": null,
                "suppress_output": null,
                "tag": [],
                "target": "",
                "ulimit": [],
                "version": ""
              }
            ],
            "force_remove": null,
            "id": "sha256:651e0fef5c1de52045b0af78ce383c344ee53daf93e5fa5ebf00761cb1b18d9b104730407992.dkr.ecr.eu-west-1.amazonaws.com/repo_example_app:latest",
            "image_id": "sha256:651e0fef5c1de52045b0af78ce383c344ee53daf93e5fa5ebf00761cb1b18d9b",
            "keep_locally": null,
            "name": "104730407992.dkr.ecr.eu-west-1.amazonaws.com/repo_example_app:latest",
            "platform": null,
            "pull_triggers": null,
            "repo_digest": "",
            "triggers": {
              "dir_sha1": "afd81cb2ba196f7085aa048457a8997671aa0879"
            }
          },
          "sensitive_attributes": [],
          "private": "bnVsbA==",
          "dependencies": [
            "aws_ecr_repository.shedular",
            "data.aws_caller_identity.current",
            "data.aws_ecr_authorization_token.token"
          ]
        }
      ]
    },
    {
      "mode": "managed",
      "type": "docker_registry_image",
      "name": "helloworld",
      "provider": "provider[\"registry.terraform.io/kreuzwerker/docker\"]",
      "instances": [
        {
          "schema_version": 0,
          "attributes": {
            "id": "sha256:6b9a2b871f32c19735c0e8617ac8f25551adc144562cc387b84bd4942d93c8ec",
            "insecure_skip_verify": false,
            "keep_remotely": false,
            "name": "104730407992.dkr.ecr.eu-west-1.amazonaws.com/repo_example_app:latest",
            "sha256_digest": "sha256:6b9a2b871f32c19735c0e8617ac8f25551adc144562cc387b84bd4942d93c8ec",
            "triggers": null
          },
          "sensitive_attributes": [],
          "private": "bnVsbA==",
          "dependencies": [
            "aws_ecr_repository.shedular",
            "data.aws_caller_identity.current",
            "data.aws_ecr_authorization_token.token",
            "docker_image.lambda_image"
          ]
        }
      ]
    }
  ],
  "check_results": null
}
